
Microsoft Visual Studio Solution File, Format Version 12.00
# Visual Studio Version 17
VisualStudioVersion = 17.11.35303.130
MinimumVisualStudioVersion = 10.0.40219.1
Project("{FAE04EC0-301F-11D3-BF4B-00C04F79EFBC}") = "Lobabot", "Lobabot.csproj", "{0D94C53C-5461-4398-B01B-B256286988DB}"
EndProject
Global
	GlobalSection(SolutionConfigurationPlatforms) = preSolution
		Debug|Any CPU = Debug|Any CPU
		Release|Any CPU = Release|Any CPU
	EndGlobalSection
	GlobalSection(ProjectConfigurationPlatforms) = postSolution
		{0D94C53C-5461-4398-B01B-B256286988DB}.Debug|Any CPU.ActiveCfg = Debug|Any CPU
		{0D94C53C-5461-4398-B01B-B256286988DB}.Debug|Any CPU.Build.0 = Debug|Any CPU
		{0D94C53C-5461-4398-B01B-B256286988DB}.Release|Any CPU.ActiveCfg = Release|Any CPU
		{0D94C53C-5461-4398-B01B-B256286988DB}.Release|Any CPU.Build.0 = Release|Any CPU
	EndGlobalSection
	GlobalSection(SolutionProperties) = preSolution
		HideSolutionNode = FALSE
	EndGlobalSection
	GlobalSection(ExtensibilityGlobals) = postSolution
		SolutionGuid = {1142257A-01E0-4C70-9CDF-C40EAEA8485B}
	EndGlobalSection
EndGlobal
